// !$*UTF8*$!
{
	archiveVersion = 1;
	classes = {
	};
	objectVersion = 46;
	objects = {

/* Begin PBXBuildFile section */
		680168F21E17933400F40E70 /* AppDelegate.swift in Sources */ = {isa = PBXBuildFile; fileRef = 680168F11E17933400F40E70 /* AppDelegate.swift */; };
		680168F41E17933400F40E70 /* ViewController.swift in Sources */ = {isa = PBXBuildFile; fileRef = 680168F31E17933400F40E70 /* ViewController.swift */; };
		680168F71E17933400F40E70 /* Main.storyboard in Resources */ = {isa = PBXBuildFile; fileRef = 680168F51E17933400F40E70 /* Main.storyboard */; };
		680168F91E17933400F40E70 /* Assets.xcassets in Resources */ = {isa = PBXBuildFile; fileRef = 680168F81E17933400F40E70 /* Assets.xcassets */; };
		680168FC1E17933400F40E70 /* LaunchScreen.storyboard in Resources */ = {isa = PBXBuildFile; fileRef = 680168FA1E17933400F40E70 /* LaunchScreen.storyboard */; };
/* End PBXBuildFile section */

/* Begin PBXFileReference section */
		680168EE1E17933400F40E70 /* MyQuiz.app */ = {isa = PBXFileReference; explicitFileType = wrapper.application; includeInIndex = 0; path = MyQuiz.app; sourceTree = BUILT_PRODUCTS_DIR; };
		680168F11E17933400F40E70 /* AppDelegate.swift */ = {isa = PBXFileReference; lastKnownFileType = sourcecode.swift; path = AppDelegate.swift; sourceTree = "<group>"; };
		680168F31E17933400F40E70 /* ViewController.swift */ = {isa = PBXFileReference; lastKnownFileType = sourcecode.swift; path = ViewController.swift; sourceTree = "<group>"; };
		680168F61E17933400F40E70 /* Base */ = {isa = PBXFileReference; lastKnownFileType = file.storyboard; name = Base; path = Base.lproj/Main.storyboard; sourceTree = "<group>"; };
		680168F81E17933400F40E70 /* Assets.xcassets */ = {isa = PBXFileReference; lastKnownFileType = folder.assetcatalog; path = Assets.xcassets; sourceTree = "<group>"; };
		680168FB1E17933400F40E70 /* Base */ = {isa = PBXFileReference; lastKnownFileType = file.storyboard; name = Base; path = Base.lproj/LaunchScreen.storyboard; sourceTree = "<group>"; };
		680168FD1E17933400F40E70 /* Info.plist */ = {isa = PBXFileReference; lastKnownFileType = text.plist.xml; path = Info.plist; sourceTree = "<group>"; };
/* End PBXFileReference section */

/* Begin PBXFrameworksBuildPhase section */
		680168EB1E17933400F40E70 /* Frameworks */ = {
			isa = PBXFrameworksBuildPhase;
			buildActionMask = 2147483647;
			files = (
			);
			runOnlyForDeploymentPostprocessing = 0;
		};
/* End PBXFrameworksBuildPhase section */

/* Begin PBXGroup section */
		680168E51E17933300F40E70 = {
			isa = PBXGroup;
			children = (
				680168F01E17933400F40E70 /* MyQuiz */,
				680168EF1E17933400F40E70 /* Products */,
			);
			sourceTree = "<group>";
		};
		680168EF1E17933400F40E70 /* Products */ = {
			isa = PBXGroup;
			children = (
				680168EE1E17933400F40E70 /* MyQuiz.app */,
			);
			name = Products;
			sourceTree = "<group>";
		};
		680168F01E17933400F40E70 /* MyQuiz */ = {
			isa = PBXGroup;
			children = (
				680168F11E17933400F40E70 /* AppDelegate.swift */,
				680168F31E17933400F40E70 /* ViewController.swift */,
				680168F51E17933400F40E70 /* Main.storyboard */,
				680168F81E17933400F40E70 /* Assets.xcassets */,
				680168FA1E17933400F40E70 /* LaunchScreen.storyboard */,
				680168FD1E17933400F40E70 /* Info.plist */,
			);
			path = MyQuiz;
			sourceTree = "<group>";
		};
/* End PBXGroup section */

/* Begin PBXNativeTarget section */
		680168ED1E17933400F40E70 /* MyQuiz */ = {
			isa = PBXNativeTarget;
			buildConfigurationList = 680169001E17933400F40E70 /* Build configuration list for PBXNativeTarget "MyQuiz" */;
			buildPhases = (
				680168EA1E17933400F40E70 /* Sources */,
				680168EB1E17933400F40E70 /* Frameworks */,
				680168EC1E17933400F40E70 /* Resources */,
			);
			buildRules = (
			);
			dependencies = (
			);
			name = MyQuiz;
			productName = MyQuiz;
			productReference = 680168EE1E17933400F40E70 /* MyQuiz.app */;
			productType = "com.apple.product-type.application";
		};
/* End PBXNativeTarget section */

/* Begin PBXProject section */
		680168E61E17933400F40E70 /* Project object */ = {
			isa = PBXProject;
			attributes = {
				LastSwiftUpdateCheck = 0820;
				LastUpgradeCheck = 0820;
				ORGANIZATIONNAME = "Tetsuya Mitani";
				TargetAttributes = {
					680168ED1E17933400F40E70 = {
						CreatedOnToolsVersion = 8.2.1;
						DevelopmentTeam = US82F9QEWC;
						ProvisioningStyle = Automatic;
					};
				};
			};
			buildConfigurationList = 680168E91E17933400F40E70 /* Build configuration list for PBXProject "MyQuiz" */;
			compatibilityVersion = "Xcode 3.2";
			developmentRegion = English;
			hasScannedForEncodings = 0;
			knownRegions = (
				en,
				Base,
			);
			mainGroup = 680168E51E17933300F40E70;
			productRefGroup = 680168EF1E17933400F40E70 /* Products */;
			projectDirPath = "";
			projectRoot = "";
			targets = (
				680168ED1E17933400F40E70 /* MyQuiz */,
			);
		};
/* End PBXProject section */

/* Begin PBXResourcesBuildPhase section */
		680168EC1E17933400F40E70 /* Resources */ = {
			isa = PBXResourcesBuildPhase;
			buildActionMask = 2147483647;
			files = (
				680168FC1E17933400F40E70 /* LaunchScreen.storyboard in Resources */,
				680168F91E17933400F40E70 /* Assets.xcassets in Resources */,
				680168F71E17933400F40E70 /* Main.storyboard in Resources */,
			);
			runOnlyForDeploymentPostprocessing = 0;
		};
/* End PBXResourcesBuildPhase section */

/* Begin PBXSourcesBuildPhase section */
		680168EA1E17933400F40E70 /* Sources */ = {
			isa = PBXSourcesBuildPhase;
			buildActionMask = 2147483647;
			files = (
				680168F41E17933400F40E70 /* ViewController.swift in Sources */,
				680168F21E17933400F40E70 /* AppDelegate.swift in Sources */,
			);
			runOnlyForDeploymentPostprocessing = 0;
		};
/* End PBXSourcesBuildPhase section */

/* Begin PBXVariantGroup section */
		680168F51E17933400F40E70 /* Main.storyboard */ = {
			isa = PBXVariantGroup;
			children = (
				680168F61E17933400F40E70 /* Base */,
			);
			name = Main.storyboard;
			sourceTree = "<group>";
		};
		680168FA1E17933400F40E70 /* LaunchScreen.storyboard */ = {
			isa = PBXVariantGroup;
			children = (
				680168FB1E17933400F40E70 /* Base */,
			);
			name = LaunchScreen.storyboard;
			sourceTree = "<group>";
		};
/* End PBXVariantGroup section */

/* Begin XCBuildConfiguration section */
		680168FE1E17933400F40E70 /* Debug */ = {
			isa = XCBuildConfiguration;
			buildSettings = {
				ALWAYS_SEARCH_USER_PATHS = NO;
				CLANG_ANALYZER_NONNULL = YES;
				CLANG_CXX_LANGUAGE_STANDARD = "gnu++0x";
				CLANG_CXX_LIBRARY = "libc++";
				CLANG_ENABLE_MODULES = YES;
				CLANG_ENABLE_OBJC_ARC = YES;
				CLANG_WARN_BOOL_CONVERSION = YES;
				CLANG_WARN_CONSTANT_CONVERSION = YES;
				CLANG_WARN_DIRECT_OBJC_ISA_USAGE = YES_ERROR;
				CLANG_WARN_DOCUMENTATION_COMMENTS = YES;
				CLANG_WARN_EMPTY_BODY = YES;
				CLANG_WARN_ENUM_CONVERSION = YES;
				CLANG_WARN_INFINITE_RECURSION = YES;
				CLANG_WARN_INT_CONVERSION = YES;
				CLANG_WARN_OBJC_ROOT_CLASS = YES_ERROR;
				CLANG_WARN_SUSPICIOUS_MOVE = YES;
				CLANG_WARN_UNREACHABLE_CODE = YES;
				CLANG_WARN__DUPLICATE_METHOD_MATCH = YES;
				"CODE_SIGN_IDENTITY[sdk=iphoneos*]" = "iPhone Developer";
				COPY_PHASE_STRIP = NO;
				DEBUG_INFORMATION_FORMAT = dwarf;
				ENABLE_STRICT_OBJC_MSGSEND = YES;
				ENABLE_TESTABILITY = YES;
				GCC_C_LANGUAGE_STANDARD = gnu99;
				GCC_DYNAMIC_NO_PIC = NO;
				GCC_NO_COMMON_BLOCKS = YES;
				GCC_OPTIMIZATION_LEVEL = 0;
				GCC_PREPROCESSOR_DEFINITIONS = (
					"DEBUG=1",
					"$(inherited)",
				);
				GCC_WARN_64_TO_32_BIT_CONVERSION = YES;
				GCC_WARN_ABOUT_RETURN_TYPE = YES_ERROR;
				GCC_WARN_UNDECLARED_SELECTOR = YES;
				GCC_WARN_UNINITIALIZED_AUTOS = YES_AGGRESSIVE;
				GCC_WARN_UNUSED_FUNCTION = YES;
				GCC_WARN_UNUSED_VARIABLE = YES;
				IPHONEOS_DEPLOYMENT_TARGET = 10.2;
				MTL_ENABLE_DEBUG_INFO = YES;
				ONLY_ACTIVE_ARCH = YES;
				SDKROOT = iphoneos;
				SWIFT_ACTIVE_COMPILATION_CONDITIONS = DEBUG;
				SWIFT_OPTIMIZATION_LEVEL = "-Onone";
			};
			name = Debug;
		};
		680168FF1E17933400F40E70 /* Release */ = {
			isa = XCBuildConfiguration;
			buildSettings = {
				ALWAYS_SEARCH_USER_PATHS = NO;
				CLANG_ANALYZER_NONNULL = YES;
				CLANG_CXX_LANGUAGE_STANDARD = "gnu++0x";
				CLANG_CXX_LIBRARY = "libc++";
				CLANG_ENABLE_MODULES = YES;
				CLANG_ENABLE_OBJC_ARC = YES;
				CLANG_WARN_BOOL_CONVERSION = YES;
				CLANG_WARN_CONSTANT_CONVERSION = YES;
				CLANG_WARN_DIRECT_OBJC_ISA_USAGE = YES_ERROR;
				CLANG_WARN_DOCUMENTATION_COMMENTS = YES;
				CLANG_WARN_EMPTY_BODY = YES;
				CLANG_WARN_ENUM_CONVERSION = YES;
				CLANG_WARN_INFINITE_RECURSION = YES;
				CLANG_WARN_INT_CONVERSION = YES;
				CLANG_WARN_OBJC_ROOT_CLASS = YES_ERROR;
				CLANG_WARN_SUSPICIOUS_MOVE = YES;
				CLANG_WARN_UNREACHABLE_CODE = YES;
				CLANG_WARN__DUPLICATE_METHOD_MATCH = YES;
				"CODE_SIGN_IDENTITY[sdk=iphoneos*]" = "iPhone Developer";
				COPY_PHASE_STRIP = NO;
				DEBUG_INFORMATION_FORMAT = "dwarf-with-dsym";
				ENABLE_NS_ASSERTIONS = NO;
				ENABLE_STRICT_OBJC_MSGSEND = YES;
				GCC_C_LANGUAGE_STANDARD = gnu99;
				GCC_NO_COMMON_BLOCKS = YES;
				GCC_WARN_64_TO_32_BIT_CONVERSION = YES;
				GCC_WARN_ABOUT_RETURN_TYPE = YES_ERROR;
				GCC_WARN_UNDECLARED_SELECTOR = YES;
				GCC_WARN_UNINITIALIZED_AUTOS = YES_AGGRESSIVE;
				GCC_WARN_UNUSED_FUNCTION = YES;
				GCC_WARN_UNUSED_VARIABLE = YES;
				IPHONEOS_DEPLOYMENT_TARGET = 10.2;
				MTL_ENABLE_DEBUG_INFO = NO;
				SDKROOT = iphoneos;
				SWIFT_OPTIMIZATION_LEVEL = "-Owholemodule";
				VALIDATE_PRODUCT = YES;
			};
			name = Release;
		};
		680169011E17933400F40E70 /* Debug */ = {
			isa = XCBuildConfiguration;
			buildSettings = {
				ASSETCATALOG_COMPILER_APPICON_NAME = AppIcon;
				DEVELOPMENT_TEAM = US82F9QEWC;
				INFOPLIST_FILE = MyQuiz/Info.plist;
				LD_RUNPATH_SEARCH_PATHS = "$(inherited) @executable_path/Frameworks";
				PRODUCT_BUNDLE_IDENTIFIER = jp.mitani.MyQuiz;
				PRODUCT_NAME = "$(TARGET_NAME)";
				SWIFT_VERSION = 3.0;
			};
			name = Debug;
		};
		680169021E17933400F40E70 /* Release */ = {
			isa = XCBuildConfiguration;
			buildSettings = {
				ASSETCATALOG_COMPILER_APPICON_NAME = AppIcon;
				DEVELOPMENT_TEAM = US82F9QEWC;
				INFOPLIST_FILE = MyQuiz/Info.plist;
				LD_RUNPATH_SEARCH_PATHS = "$(inherited) @executable_path/Frameworks";
				PRODUCT_BUNDLE_IDENTIFIER = jp.mitani.MyQuiz;
				PRODUCT_NAME = "$(TARGET_NAME)";
				SWIFT_VERSION = 3.0;
			};
			name = Release;
		};
/* End XCBuildConfiguration section */

/* Begin XCConfigurationList section */
		680168E91E17933400F40E70 /* Build configuration list for PBXProject "MyQuiz" */ = {
			isa = XCConfigurationList;
			buildConfigurations = (
				680168FE1E17933400F40E70 /* Debug */,
				680168FF1E17933400F40E70 /* Release */,
			);
			defaultConfigurationIsVisible = 0;
			defaultConfigurationName = Release;
		};
		680169001E17933400F40E70 /* Build configuration list for PBXNativeTarget "MyQuiz" */ = {
			isa = XCConfigurationList;
			buildConfigurations = (
				680169011E17933400F40E70 /* Debug */,
				680169021E17933400F40E70 /* Release */,
			);
			defaultConfigurationIsVisible = 0;
		};
/* End XCConfigurationList section */
	};
	rootObject = 680168E61E17933400F40E70 /* Project object */;
}
